
Microsoft Visual Studio Solution File, Format Version 12.00
# Visual Studio 14
VisualStudioVersion = 14.0.25420.1
MinimumVisualStudioVersion = 10.0.40219.1
Project("{FAE04EC0-301F-11D3-BF4B-00C04F79EFBC}") = "Delegate1", "Delegate1\Delegate1.csproj", "{20FF6BBE-5795-4E75-A752-55DEA07C3DC8}"
EndProject
Project("{FAE04EC0-301F-11D3-BF4B-00C04F79EFBC}") = "Delegate2", "Delegate2\Delegate2.csproj", "{674F6AD9-AD24-49D5-9563-80566AC7636F}"
EndProject
Project("{FAE04EC0-301F-11D3-BF4B-00C04F79EFBC}") = "Delegate3", "Delegate3\Delegate3.csproj", "{756B1EEF-B0E1-46B3-A392-A6AA67D8DB0B}"
EndProject
Project("{FAE04EC0-301F-11D3-BF4B-00C04F79EFBC}") = "Delegate4", "Delegate4\Delegate4.csproj", "{523E1F99-5982-4440-AF75-343DE7143194}"
EndProject
Project("{FAE04EC0-301F-11D3-BF4B-00C04F79EFBC}") = "Delegate5", "Delegate5\Delegate5.csproj", "{7E965573-08E7-4B5D-AE3A-011096756000}"
EndProject
Project("{FAE04EC0-301F-11D3-BF4B-00C04F79EFBC}") = "DelegateAndEvent", "DelegateAndEvent\DelegateAndEvent.csproj", "{B3B1B298-0FC3-470C-9102-61AF3451B76A}"
EndProject
Project("{FAE04EC0-301F-11D3-BF4B-00C04F79EFBC}") = "DelegateAndEvent2", "DelegateAndEvent2\DelegateAndEvent2.csproj", "{9F914CD6-9BE3-48E6-9AD5-0ED6525BFC5E}"
EndProject
Global
	GlobalSection(SolutionConfigurationPlatforms) = preSolution
		Debug|Any CPU = Debug|Any CPU
		Release|Any CPU = Release|Any CPU
	EndGlobalSection
	GlobalSection(ProjectConfigurationPlatforms) = postSolution
		{20FF6BBE-5795-4E75-A752-55DEA07C3DC8}.Debug|Any CPU.ActiveCfg = Debug|Any CPU
		{20FF6BBE-5795-4E75-A752-55DEA07C3DC8}.Debug|Any CPU.Build.0 = Debug|Any CPU
		{20FF6BBE-5795-4E75-A752-55DEA07C3DC8}.Release|Any CPU.ActiveCfg = Release|Any CPU
		{20FF6BBE-5795-4E75-A752-55DEA07C3DC8}.Release|Any CPU.Build.0 = Release|Any CPU
		{674F6AD9-AD24-49D5-9563-80566AC7636F}.Debug|Any CPU.ActiveCfg = Debug|Any CPU
		{674F6AD9-AD24-49D5-9563-80566AC7636F}.Debug|Any CPU.Build.0 = Debug|Any CPU
		{674F6AD9-AD24-49D5-9563-80566AC7636F}.Release|Any CPU.ActiveCfg = Release|Any CPU
		{674F6AD9-AD24-49D5-9563-80566AC7636F}.Release|Any CPU.Build.0 = Release|Any CPU
		{756B1EEF-B0E1-46B3-A392-A6AA67D8DB0B}.Debug|Any CPU.ActiveCfg = Debug|Any CPU
		{756B1EEF-B0E1-46B3-A392-A6AA67D8DB0B}.Debug|Any CPU.Build.0 = Debug|Any CPU
		{756B1EEF-B0E1-46B3-A392-A6AA67D8DB0B}.Release|Any CPU.ActiveCfg = Release|Any CPU
		{756B1EEF-B0E1-46B3-A392-A6AA67D8DB0B}.Release|Any CPU.Build.0 = Release|Any CPU
		{523E1F99-5982-4440-AF75-343DE7143194}.Debug|Any CPU.ActiveCfg = Debug|Any CPU
		{523E1F99-5982-4440-AF75-343DE7143194}.Debug|Any CPU.Build.0 = Debug|Any CPU
		{523E1F99-5982-4440-AF75-343DE7143194}.Release|Any CPU.ActiveCfg = Release|Any CPU
		{523E1F99-5982-4440-AF75-343DE7143194}.Release|Any CPU.Build.0 = Release|Any CPU
		{7E965573-08E7-4B5D-AE3A-011096756000}.Debug|Any CPU.ActiveCfg = Debug|Any CPU
		{7E965573-08E7-4B5D-AE3A-011096756000}.Debug|Any CPU.Build.0 = Debug|Any CPU
		{7E965573-08E7-4B5D-AE3A-011096756000}.Release|Any CPU.ActiveCfg = Release|Any CPU
		{7E965573-08E7-4B5D-AE3A-011096756000}.Release|Any CPU.Build.0 = Release|Any CPU
		{B3B1B298-0FC3-470C-9102-61AF3451B76A}.Debug|Any CPU.ActiveCfg = Debug|Any CPU
		{B3B1B298-0FC3-470C-9102-61AF3451B76A}.Debug|Any CPU.Build.0 = Debug|Any CPU
		{B3B1B298-0FC3-470C-9102-61AF3451B76A}.Release|Any CPU.ActiveCfg = Release|Any CPU
		{B3B1B298-0FC3-470C-9102-61AF3451B76A}.Release|Any CPU.Build.0 = Release|Any CPU
		{9F914CD6-9BE3-48E6-9AD5-0ED6525BFC5E}.Debug|Any CPU.ActiveCfg = Debug|Any CPU
		{9F914CD6-9BE3-48E6-9AD5-0ED6525BFC5E}.Debug|Any CPU.Build.0 = Debug|Any CPU
		{9F914CD6-9BE3-48E6-9AD5-0ED6525BFC5E}.Release|Any CPU.ActiveCfg = Release|Any CPU
		{9F914CD6-9BE3-48E6-9AD5-0ED6525BFC5E}.Release|Any CPU.Build.0 = Release|Any CPU
	EndGlobalSection
	GlobalSection(SolutionProperties) = preSolution
		HideSolutionNode = FALSE
	EndGlobalSection
EndGlobal
